
Microsoft Visual Studio Solution File, Format Version 12.00
# Visual Studio 15
VisualStudioVersion = 15.0.26730.3
MinimumVisualStudioVersion = 10.0.40219.1
Project("{FAE04EC0-301F-11D3-BF4B-00C04F79EFBC}") = "FunAppAdClient", "FunAppAdClient.csproj", "{4C0F61E8-5811-4530-B82D-487C7F62479B}"
EndProject
Project("{FAE04EC0-301F-11D3-BF4B-00C04F79EFBC}") = "FunAppAdClientCore", "..\FunAppAdClientCore\FunAppAdClientCore.csproj", "{9DE4C586-D000-45C4-B189-0BC5F28A34C3}"
EndProject
Project("{E53339B2-1760-4266-BCC7-CA923CBCF16C}") = "docker-compose", "docker-compose.dcproj", "{DFDD8C8F-8500-4149-84CD-B1A5FE2AF1D8}"
EndProject
Global
	GlobalSection(SolutionConfigurationPlatforms) = preSolution
		Debug|Any CPU = Debug|Any CPU
		Release|Any CPU = Release|Any CPU
	EndGlobalSection
	GlobalSection(ProjectConfigurationPlatforms) = postSolution
		{4C0F61E8-5811-4530-B82D-487C7F62479B}.Debug|Any CPU.ActiveCfg = Debug|Any CPU
		{4C0F61E8-5811-4530-B82D-487C7F62479B}.Debug|Any CPU.Build.0 = Debug|Any CPU
		{4C0F61E8-5811-4530-B82D-487C7F62479B}.Release|Any CPU.ActiveCfg = Release|Any CPU
		{4C0F61E8-5811-4530-B82D-487C7F62479B}.Release|Any CPU.Build.0 = Release|Any CPU
		{9DE4C586-D000-45C4-B189-0BC5F28A34C3}.Debug|Any CPU.ActiveCfg = Debug|Any CPU
		{9DE4C586-D000-45C4-B189-0BC5F28A34C3}.Debug|Any CPU.Build.0 = Debug|Any CPU
		{9DE4C586-D000-45C4-B189-0BC5F28A34C3}.Release|Any CPU.ActiveCfg = Release|Any CPU
		{9DE4C586-D000-45C4-B189-0BC5F28A34C3}.Release|Any CPU.Build.0 = Release|Any CPU
		{DFDD8C8F-8500-4149-84CD-B1A5FE2AF1D8}.Debug|Any CPU.ActiveCfg = Debug|Any CPU
		{DFDD8C8F-8500-4149-84CD-B1A5FE2AF1D8}.Debug|Any CPU.Build.0 = Debug|Any CPU
		{DFDD8C8F-8500-4149-84CD-B1A5FE2AF1D8}.Release|Any CPU.ActiveCfg = Release|Any CPU
		{DFDD8C8F-8500-4149-84CD-B1A5FE2AF1D8}.Release|Any CPU.Build.0 = Release|Any CPU
	EndGlobalSection
	GlobalSection(SolutionProperties) = preSolution
		HideSolutionNode = FALSE
	EndGlobalSection
	GlobalSection(ExtensibilityGlobals) = postSolution
		SolutionGuid = {88A43418-905C-4952-A8D3-C2E088E1193B}
	EndGlobalSection
EndGlobal
